version = 1
revision = 3
requires-python = ">=3.11"

[[package]]
name = "clang-format"
version = "23.1.2"
source = { registry = "https://pypi.org/simple" }
sdist = { url = "https://files.pythonhosted.org/packages/95/75/bfc3392d2302580caab6e90d64ec9640247ae6722e5b25af1c8317adbe00/clang_format-23.1.2.tar.gz", hash = "sha256:b136c398d11d8608640fc03d6fd7c4f560ee892da3b88047ee17b1928f6f856a", size = 11507, upload-time = "2026-10-01T12:33:10.971Z" }
wheels = [
    { url = "https://files.pythonhosted.org/packages/d1/9f/206afc79210d3dfe2f4392a572ac58ee25c2987852f0a95079e3fd6519f6/clang_format-23.1.2-py2.py3-none-macosx_10_9_x86_64.whl", hash = "sha256:267eef1cec4e6da186e1185be0a0b7255ac7d6ff0613156c63b229e1c05093fc", size = 1565048, upload-time = "2026-10-01T12:32:35.814Z" },
    { url = "https://files.pythonhosted.org/packages/88/ea/644a3724343e5f56d25b1d003c052d67ba25bdb9709ca8eab6aed22f4f98/clang_format-23.1.2-py2.py3-none-macosx_11_0_arm64.whl", hash = "sha256:c3029d010597c9320add9820e2163a1e7d844b60f0a67d82afc71cd6c3b11c3a", size = 1552346, upload-time = "2026-10-01T12:32:38.026Z" },
    { url = "https://files.pythonhosted.org/packages/c0/ee/48db62d2b699b134c21040c1439a09f9aaae35491ff22058ad86510e9fc9/clang_format-23.1.2-py2.py3-none-manylinux_2_26_aarch64.manylinux_2_28_aarch64.whl", hash = "sha256:38697e04e05af391da532b0fb321c1e5c1700be684445c53458b07e53c47c729", size = 1820730, upload-time = "2026-10-01T12:32:39.902Z" },
    { url = "https://files.pythonhosted.org/packages/7d/d3/31d8cdadfaffaa46df459282a874d852f9050b0ac8bee0197e285df25399/clang_format-23.1.2-py2.py3-none-manylinux_2_26_i686.manylinux_2_28_i686.whl", hash = "sha256:39a16a0a122a1335e1f4dcfbc1255aebc35fe104e22dd228fe70494b71ed919f", size = 1954876, upload-time = "2026-10-01T12:32:41.692Z" },
    { url = "https://files.pythonhosted.org/packages/f0/79/aaf249793e3e59534c950a9502647d429ac73b997e7b373cf3a5babef066/clang_format-23.1.2-py2.py3-none-manylinux_2_26_ppc64le.manylinux_2_28_ppc64le.whl", hash = "sha256:c21f7555969be8e9c42877c681315fa89207fad362672ae9f8d15619d1fa370b", size = 2192263, upload-time = "2026-10-01T12:32:43.608Z" },
    { url = "https://files.pythonhosted.org/packages/5a/37/2f8f59f5abe356aeafa97b5fafb1d73d4ca94636b13399ce37a6961a94e4/clang_format-23.1.2-py2.py3-none-manylinux_2_26_s390x.manylinux_2_28_s390x.whl", hash = "sha256:857647deed7fca3c719c09631aac2ae3536f7ff51a17de0e3fbd0f0604d494f8", size = 2161154, upload-time = "2026-10-01T12:32:45.881Z" },
    { url = "https://files.pythonhosted.org/packages/bf/4c/45eb711a171e20ee8954e1096d2b3e56c947dcf8a3c139fb3f9f91dc8529/clang_format-23.1.2-py2.py3-none-manylinux_2_27_x86_64.manylinux_2_28_x86_64.whl", hash = "sha256:af35ba85532f1ba5b7790d936ecf85de48b10b0d9a8ef3b997c6b284841c5d04", size = 1906970, upload-time = "2026-10-01T12:32:48.033Z" },
    { url = "https://files.pythonhosted.org/packages/22/34/9964304911f664ccd612426cacbc718c4cfd4b3adec48be5e09771684798/clang_format-23.1.2-py2.py3-none-manylinux_2_31_armv7l.whl", hash = "sha256:6fc8a4bce48675a65118302d96e9156b2fde518cee911b871e1d25274b8c8e78", size = 1738537, upload-time = "2026-10-01T12:32:50.868Z" },
    { url = "https://files.pythonhosted.org/packages/7b/a3/9d48a12bc44dcfc2a695776e2c75a1b8faedf0a3ef126118baf113e35004/clang_format-23.1.2-py2.py3-none-musllinux_1_2_aarch64.whl", hash = "sha256:5c7bc9e75c388301369511bf2bbdc7f31d64698057e77e71dabbebbe8850a07c", size = 2804739, upload-time = "2026-10-01T12:32:52.73Z" },
    { url = "https://files.pythonhosted.org/packages/25/ad/c0bbba17254dbae19a52d7edd3eb2b338d0d1f5e3b6758eca9711b8d27ee/clang_format-23.1.2-py2.py3-none-musllinux_1_2_armv7l.whl", hash = "sha256:3102eb94749294a971a226ec81ca96b188ef7ecdb6d86559845ce317942a8bd9", size = 2580907, upload-time = "2026-10-01T12:32:54.888Z" },
    { url = "https://files.pythonhosted.org/packages/44/e3/536637c164689f1aeb6cbcf51d2fb8f64f64472377aa73cc892689ecf4a7/clang_format-23.1.2-py2.py3-none-musllinux_1_2_i686.whl", hash = "sha256:18a215cc5e11e572feae2fe5ada5e2df1bc6467a1267a9c567b51a8e2da36a35", size = 3058132, upload-time = "2026-10-01T12:32:56.899Z" },
    { url = "https://files.pythonhosted.org/packages/d5/2a/c5a2b7eae14eba538d10535f6ab66d592fd799a95efa214b203b739b1d51/clang_format-23.1.2-py2.py3-none-musllinux_1_2_ppc64le.whl", hash = "sha256:527019ebca679dcd21275d953490e3d4f81bfa959f92ea361ed8bd969750689c", size = 3249958, upload-time = "2026-10-01T12:32:59.067Z" },
    { url = "https://files.pythonhosted.org/packages/ee/e7/b8b11f6e8337ce71ec0b227475972908408ff1851f1edcd1015b1db3cf38/clang_format-23.1.2-py2.py3-none-musllinux_1_2_s390x.whl", hash = "sha256:66699ce36e955768ebaf5b83fc68162e8f9df94e6a4652c89c44e9e50b21565d", size = 3287092, upload-time = "2026-10-01T12:33:01.17Z" },
    { url = "https://files.pythonhosted.org/packages/f7/9d/9fb49a64cab465849c83042930e37c0983150cbc99af26e4bf0ad217e75a/clang_format-23.1.2-py2.py3-none-musllinux_1_2_x86_64.whl", hash = "sha256:f7e5db2c4fbf11cefa510d0e4d90091a6636b100504f9e58c3fda26638281157", size = 2920447, upload-time = "2026-10-01T12:33:03.202Z" },
    { url = "https://files.pythonhosted.org/packages/1f/70/e7ef79caa6c9abde67f941b0c21efb88b477cf97ada4e00f5afbd6a8b057/clang_format-23.1.2-py2.py3-none-win32.whl", hash = "sha256:3e1c2ed5585f34085e52256630561d775094e7288fff13ed5234fe76e36ca473", size = 1363656, upload-time = "2026-10-01T12:33:05.292Z" },
    { url = "https://files.pythonhosted.org/packages/36/2e/e05c36c47b0577d694a53636f91a967cfbec6a572c5e95a68fd703e868a8/clang_format-23.1.2-py2.py3-none-win_amd64.whl", hash = "sha256:955dd1c09c60a69645e4a21be514d5153b29b9e6f159d7501ad566d7d0dd64bc", size = 1537508, upload-time = "2026-10-01T12:33:06.943Z" },
    { url = "https://files.pythonhosted.org/packages/70/9a/a4f32e08048b80a1a658ff5d30b1dfa6f931011fc793b2c65adf1cde87de/clang_format-23.1.2-py2.py3-none-win_arm64.whl", hash = "sha256:bcb607957977ea1504cc1424170a8bb2caaf1b7c8d30b03fbac7e11260cba067", size = 1442271, upload-time = "2026-10-01T12:33:09.263Z" },
]

[[package]]
name = "clang-tidy"
version = "22.1.8"
source = { registry = "https://pypi.org/simple" }
sdist = { url = "https://files.pythonhosted.org/packages/b9/d0/f9dc63658854dc4508270daab0e10a34a61330d35c53cfe679b692e57560/clang_tidy-22.1.8.tar.gz", hash = "sha256:d81205d15cc82eea10e9e3b65e99732bb0bc77144535648a4a1f77d9cb4eda50", size = 11746, upload-time = "2026-07-14T10:30:19.551Z" }
wheels = [
    { url = "https://files.pythonhosted.org/packages/86/14/27f6ed1ffdf3fcc53d4482a5f1292b39751c7426ca70deca8bb7d04f5dae/clang_tidy-22.1.8-py2.py3-none-macosx_10_9_x86_64.whl", hash = "sha256:04b6c97bcdc032763d0d924531def281acd0b5a939bcc79994cbf3c6fe83e1ae", size = 31672907, upload-time = "2026-07-14T10:29:37.701Z" },
    { url = "https://files.pythonhosted.org/packages/01/23/949977d4304e30eeef80206b37a9305084926ea06b99708961fcbf27913f/clang_tidy-22.1.8-py2.py3-none-macosx_11_0_arm64.whl", hash = "sha256:916d7cbc9590e719459738fedc5ba76ac91f128d671390e574a0779014c84d73", size = 30823043, upload-time = "2026-07-14T10:29:41.887Z" },
    { url = "https://files.pythonhosted.org/packages/ac/b7/61ed8c319f2d9ddb9762a550a6fee434bdef7bdc46d5a4b50929f1c90ec0/clang_tidy-22.1.8-py2.py3-none-manylinux_2_26_aarch64.manylinux_2_28_aarch64.whl", hash = "sha256:1eaddaa7415e8c5e39aeefbfd15174f1ab2a671c86f7ebb200eb523cf9465559", size = 42155015, upload-time = "2026-07-14T10:29:45.608Z" },
    { url = "https://files.pythonhosted.org/packages/82/19/0f2668f8f5e2452b096a2b898f2b6bcecbceb6dd0c7f75d1755ce1f18d8b/clang_tidy-22.1.8-py2.py3-none-manylinux_2_27_x86_64.manylinux_2_28_x86_64.whl", hash = "sha256:1a3de07ba82d4403d8b692ae63a5520d4db5c606014c92c24bbcef9259057bf1", size = 44070377, upload-time = "2026-07-14T10:29:49.58Z" },
    { url = "https://files.pythonhosted.org/packages/6c/61/7c0c87952090de362d18703a8a2206ae30129c811c66f9d01f4094d59e87/clang_tidy-22.1.8-py2.py3-none-manylinux_2_28_i686.whl", hash = "sha256:879a53cc5ba9824197f97e83bd86686f9c159da18afd004e8f6d161c985f9b31", size = 49709888, upload-time = "2026-07-14T10:29:53.323Z" },
    { url = "https://files.pythonhosted.org/packages/87/78/cbe472f8a2f29df7c982f1a3782f515059f3e1488c668c946ac04df79dab/clang_tidy-22.1.8-py2.py3-none-manylinux_2_31_armv7l.whl", hash = "sha256:79d109db0bc74c4f20253ea997f73eac4fa6ec26171fa08c05fb82dd3ee94bc1", size = 40445704, upload-time = "2026-07-14T10:29:57.312Z" },
    { url = "https://files.pythonhosted.org/packages/e2/e0/be72d44c059a936af7d4b355d0c844e934d7f4c3c4eba578783d7fc486d2/clang_tidy-22.1.8-py2.py3-none-musllinux_1_2_armv7l.whl", hash = "sha256:788200119549b80e3b3cc4c1ecc422b6bec6e2559ea2116494fe6c72092ec4c2", size = 41319020, upload-time = "2026-07-14T10:30:01.303Z" },
    { url = "https://files.pythonhosted.org/packages/97/34/223288ebf27f33b3842ab750ab5915ef3244f7802d4f7633dacf7a195ab2/clang_tidy-22.1.8-py2.py3-none-musllinux_1_2_i686.whl", hash = "sha256:8ad32751aa4697575fb34faabe70ee497aa32d31d4dfffe25f2655797dff1c2c", size = 51914038, upload-time = "2026-07-14T10:30:05.637Z" },
    { url = "https://files.pythonhosted.org/packages/8d/d1/a8019bfe6dcb103a081ffc0a869cb2b463a826e5005030d0abf211278b53/clang_tidy-22.1.8-py2.py3-none-musllinux_1_2_x86_64.whl", hash = "sha256:19d11334f5f9af90a655e5ca46b1e472d44ec025a8d10fef95accb3ea19b8c60", size = 46732713, upload-time = "2026-07-14T10:30:10Z" },
    { url = "https://files.pythonhosted.org/packages/c1/ad/6bb2c2a0a7255ca624dca7ee172678b215c62ce79891a487f8ccc90bc48b/clang_tidy-22.1.8-py2.py3-none-win32.whl", hash = "sha256:182dc0b73688add32cd02595d510c0b010f77a645774dbb04e296d347c1a014f", size = 23553468, upload-time = "2026-07-14T10:30:13.42Z" },
    { url = "https://files.pythonhosted.org/packages/54/af/0580f6145d8a0c218844208a6c90ce539a4bdf65a66b672e6b4604a81c0a/clang_tidy-22.1.8-py2.py3-none-win_amd64.whl", hash = "sha256:df9bf841ecbf501d08b6fa34523be840f59b1a76d16b6ee5edb0e5c7c22b59c2", size = 26666952, upload-time = "2026-07-14T10:30:16.843Z" },
]

[[package]]
name = "ddp-esphome"
version = "0.8.1"
source = { virtual = "." }

[package.dev-dependencies]
dev = [
    { name = "clang-format" },
    { name = "clang-tidy" },
    { name = "ruff" },
]

[package.metadata]

[package.metadata.requires-dev]
dev = [
    { name = "clang-format", specifier = ">=22.1.8" },
    { name = "clang-tidy", specifier = ">=22.1.7" },
    { name = "ruff", specifier = ">=0.15.21" },
]

[[package]]
name = "ruff"
version = "0.16.10"
source = { registry = "https://pypi.org/simple" }
sdist = { url = "https://files.pythonhosted.org/packages/c4/49/23802c45f093eb14bde54b141d2b2f058edfa63a06db7beed047308cc08f/ruff-0.16.10.tar.gz", hash = "sha256:eff4728c4eaae93f0955cd264d24b2ab348e74bf59986ccf282ba6dc16b3b017", size = 4958724, upload-time = "2026-10-01T18:03:21.697Z" }
wheels = [
    { url = "https://files.pythonhosted.org/packages/2f/21/ebce22e1d90cdb2cd691026b9c6e9bec6499f0b396089481755b5d49efff/ruff-0.16.10-py3-none-linux_armv6l.whl", hash = "sha256:488b0fe3f3574210e5cf80d9f59b9e3ab17a127a8155de3f307b392589cfb511", size = 10095557, upload-time = "2026-10-01T18:02:36.072Z" },
    { url = "https://files.pythonhosted.org/packages/cb/98/a54de85876a8b2612bfa0d84c7b9abfb39c6a3354aee7800b09c1649b9e3/ruff-0.16.10-py3-none-macosx_10_12_x86_64.whl", hash = "sha256:e748ff95c934c4e978783b8e687bc174e7bd84e8ad24e3243e1ecfcda5e0282d", size = 10340577, upload-time = "2026-10-01T18:02:39.258Z" },
    { url = "https://files.pythonhosted.org/packages/9f/16/1a5a4a2657effe4806110f2b907313802f1367fcdbb29e8122766e407fab/ruff-0.16.10-py3-none-macosx_11_0_arm64.whl", hash = "sha256:3031a4a2e8e7b8a46f70be45f198c35a11ece509a94b80334d8d397a33c67550", size = 9774282, upload-time = "2026-10-01T18:02:41.79Z" },
    { url = "https://files.pythonhosted.org/packages/6e/fb/470085af734da396e68cd80fb0a3e7c109a459716ae59588c0f6fab8a17d/ruff-0.16.10-py3-none-manylinux_2_17_aarch64.manylinux2014_aarch64.whl", hash = "sha256:494401c86df4c4c25f69b9419605d944467ee98c42fb6ad405ef4fa40b8fb67d", size = 9920895, upload-time = "2026-10-01T18:02:44.458Z" },
    { url = "https://files.pythonhosted.org/packages/57/de/f10cffe4f88a37ea6615ec460f01bf76f0bc1477737a35d9ee61a630a78b/ruff-0.16.10-py3-none-manylinux_2_17_armv7l.manylinux2014_armv7l.whl", hash = "sha256:d203abc0ff2b773ee33d00ab8df0bb67046fbc7c07b119332f08b9b345cf8221", size = 9902707, upload-time = "2026-10-01T18:02:47.041Z" },
    { url = "https://files.pythonhosted.org/packages/ff/44/3fdcedf83ae60ef837dd239170e480dce606a9142cfa2db911afdf855fd9/ruff-0.16.10-py3-none-manylinux_2_17_i686.manylinux2014_i686.whl", hash = "sha256:bd83d1235a5258d318477bc5b576303974cbdef5df0c01a1bff14efcc23bd12a", size = 10619287, upload-time = "2026-10-01T18:02:49.485Z" },
    { url = "https://files.pythonhosted.org/packages/c1/62/02e76a5574002153618eafbb70e159468addc72a5d2c488e65cbb4639d2d/ruff-0.16.10-py3-none-manylinux_2_17_ppc64le.manylinux2014_ppc64le.whl", hash = "sha256:bc2610fb269fa56dd8a68669ae470fa6272902668c0fc2ebc3aa112b2633d5b8", size = 11339942, upload-time = "2026-10-01T18:02:52.008Z" },
    { url = "https://files.pythonhosted.org/packages/6b/c4/cde27d47ad8d4126c587e608c67c46e7feac11763f606d261a1bc8a489e6/ruff-0.16.10-py3-none-manylinux_2_17_s390x.manylinux2014_s390x.whl", hash = "sha256:3e70175e29cc94c26ea296c80e470180b744b7419026898e58f520c6ab32578e", size = 10934316, upload-time = "2026-10-01T18:02:54.811Z" },
    { url = "https://files.pythonhosted.org/packages/e4/03/17234145f302a645a123e8c3bb2411ecf4669fbc350de3b0d803230a1729/ruff-0.16.10-py3-none-manylinux_2_17_x86_64.manylinux2014_x86_64.whl", hash = "sha256:f33f43a864a8483eebd160e713336c8bab02c934feaff0a33cf5ccb41546d09a", size = 10387968, upload-time = "2026-10-01T18:02:57.497Z" },
    { url = "https://files.pythonhosted.org/packages/71/29/2493af60240ee7644b38a4b821f5f9c3b5a4fa3178770fe1d0c685217395/ruff-0.16.10-py3-none-manylinux_2_31_riscv64.whl", hash = "sha256:1dfc6f0088149fb6a362c1c446bcbb3fd2157b3852fe2fa68409276eab9ad9b3", size = 10537906, upload-time = "2026-10-01T18:03:00.006Z" },
    { url = "https://files.pythonhosted.org/packages/2e/9a/f56b28f3b143bb9e518c34fb89ab191b626bca8b70dbf8af0d2e2d473572/ruff-0.16.10-py3-none-musllinux_1_2_aarch64.whl", hash = "sha256:6553498afc35f580f036030795810b9e6bcea31604b0fd9e8d352795473042e3", size = 10012938, upload-time = "2026-10-01T18:03:03.006Z" },
    { url = "https://files.pythonhosted.org/packages/c2/c4/fca37362848ea4d4d80712df13632e645e7c7cfb1bdedf140699ac7a090b/ruff-0.16.10-py3-none-musllinux_1_2_armv7l.whl", hash = "sha256:a3b8471dea115d37f123882be852bed13403746d3a76c11de4a19ec5f9ff5a03", size = 9897945, upload-time = "2026-10-01T18:03:05.818Z" },
    { url = "https://files.pythonhosted.org/packages/7d/c7/e0bc57664d6e0c61fd22f620af260fe9662d7e1ddb320ea7f160e76ef165/ruff-0.16.10-py3-none-musllinux_1_2_i686.whl", hash = "sha256:92e59a70bcbd9d3a5483656da906ec28edfdacfce00afd99edb8b4e9d15644be", size = 10333134, upload-time = "2026-10-01T18:03:08.25Z" },
    { url = "https://files.pythonhosted.org/packages/21/aa/5c9f3b68737c0e4a33a1db5dfab44f7b786d96ca91a7233112ddab1e6dc2/ruff-0.16.10-py3-none-musllinux_1_2_x86_64.whl", hash = "sha256:7ae7375f803b5520dc9f546bed7e3a0acb70b91812e9bb4b19927de22f25b77d", size = 10741702, upload-time = "2026-10-01T18:03:10.775Z" },
    { url = "https://files.pythonhosted.org/packages/78/fa/0f9c2020dc316c53d983be011720b8157cc052b97e3f4dfa7db6d0f880a6/ruff-0.16.10-py3-none-win32.whl", hash = "sha256:2a12e01cb9156c10c466f63b46eaae5ecea28dfbd21b5836353ae498e7d1349a", size = 10139176, upload-time = "2026-10-01T18:03:13.267Z" },
    { url = "https://files.pythonhosted.org/packages/99/29/cfb0df9448d4d4ad48c2de029ada9ebd71baa6da983a6c77ee6c6cd0fe82/ruff-0.16.10-py3-none-win_amd64.whl", hash = "sha256:97f2015c92aa97105b0eab19eb5d224884399281cfc5da86a92db4ab5e7fb2ca", size = 10584734, upload-time = "2026-10-01T18:03:16.006Z" },
    { url = "https://files.pythonhosted.org/packages/fc/05/c16957eb287c3fc062e032619a25868d93d408a844b725bcf514f7a378ff/ruff-0.16.10-py3-none-win_arm64.whl", hash = "sha256:25a65fe998c4e6861ec079ada5826a2fc605e6cbccbe9dcd7fac1f54e791621b", size = 10366440, upload-time = "2026-10-01T18:03:19.04Z" },
]
