version = 1
revision = 3
requires-python = ">=3.11"

[[package]]
name = "clang-format"
version = "23.1.1"
source = { registry = "https://pypi.org/simple" }
sdist = { url = "https://files.pythonhosted.org/packages/01/5b/50e0d309817837c872544459ae508307669987605fd336f8acc8e1b4ed1c/clang_format-23.1.1.tar.gz", hash = "sha256:0cd866591d6cce31a6bf4b216a5810be3893cec1ad8213b746f21f5bee6d18bb", size = 11507, upload-time = "2026-09-10T20:01:45.651Z" }
wheels = [
    { url = "https://files.pythonhosted.org/packages/45/a3/e45ab75ae0fbe8f90a637af146978d1ef3799c26252163a8068b19a46e03/clang_format-23.1.1-py2.py3-none-macosx_10_9_x86_64.whl", hash = "sha256:8f8ea1e02f7cab8dace82a0d56733e532ffc3e6e41e658edc28261029e94c499", size = 1565088, upload-time = "2026-09-10T20:01:11.199Z" },
    { url = "https://files.pythonhosted.org/packages/29/da/f354b637650ae04854d9096c252d08f03ccda7044b1f005861a4ddba28cf/clang_format-23.1.1-py2.py3-none-macosx_11_0_arm64.whl", hash = "sha256:d64a1788759c4cbc08a0aca21dd2bd38605c0758543aa15b8c0636508f0ebae7", size = 1552401, upload-time = "2026-09-10T20:01:13.168Z" },
    { url = "https://files.pythonhosted.org/packages/0e/b6/1a162e427d912b88653a66e99a22414d798eb885b761ffddb74dbc13963f/clang_format-23.1.1-py2.py3-none-manylinux_2_26_aarch64.manylinux_2_28_aarch64.whl", hash = "sha256:09af54d2ef51680b34e36ed71b9f510bd399fb7b10b29a2a40843cd0e0344228", size = 1820695, upload-time = "2026-09-10T20:01:14.752Z" },
    { url = "https://files.pythonhosted.org/packages/18/6f/c4b0520fb413632828a86a1ba1ed4629e7f80ac59b403b77a7baa7c2fd79/clang_format-23.1.1-py2.py3-none-manylinux_2_26_i686.manylinux_2_28_i686.whl", hash = "sha256:965c8bd87cabb26942a336bceb99186a2de6874a7d3f734e540090e634195726", size = 1954912, upload-time = "2026-09-10T20:01:16.265Z" },
    { url = "https://files.pythonhosted.org/packages/f1/4b/70cc4a70e48ed4f992851e96da53a94dfed806179e2e6100f3a133268f4b/clang_format-23.1.1-py2.py3-none-manylinux_2_26_ppc64le.manylinux_2_28_ppc64le.whl", hash = "sha256:29a70106390a32ec552591e73fec4d9b3c892668fe28fe5c2c47bf68d550fe55", size = 2192254, upload-time = "2026-09-10T20:01:18.065Z" },
    { url = "https://files.pythonhosted.org/packages/70/e6/7b1a41605228a6b58e670fc1ede2728a93a230906833bd1242eb0b2f0b8d/clang_format-23.1.1-py2.py3-none-manylinux_2_26_s390x.manylinux_2_28_s390x.whl", hash = "sha256:f965f1e50de06cb86af8ac23d55748b87876c12e7a156a53ec4417d91a6fe656", size = 2161167, upload-time = "2026-09-10T20:01:19.672Z" },
    { url = "https://files.pythonhosted.org/packages/42/ef/3f8e215916e79ecd435b5bc20810443f80fce3fb8bbfe6d2783ceb775c1b/clang_format-23.1.1-py2.py3-none-manylinux_2_27_x86_64.manylinux_2_28_x86_64.whl", hash = "sha256:64900462c1203cee2fec364536c2dda708baf0619e15b52ceda926648cc82f56", size = 1906937, upload-time = "2026-09-10T20:01:22.175Z" },
    { url = "https://files.pythonhosted.org/packages/6f/4f/69fb11c496fbdad0924ba82ed45c631a3842bc26a6ad766070d8784e771d/clang_format-23.1.1-py2.py3-none-manylinux_2_31_armv7l.whl", hash = "sha256:8b2e286c8e7070609fbfbd511aed54ba2906a9a348237ba54b3fcab278c6eb78", size = 1738549, upload-time = "2026-09-10T20:01:23.671Z" },
    { url = "https://files.pythonhosted.org/packages/a7/e7/d4127a650065cc67322026be76a7ce2efe4635e61d9151f6cc0a58668871/clang_format-23.1.1-py2.py3-none-musllinux_1_2_aarch64.whl", hash = "sha256:64edd9e43e1c6065239056ea1d8f091aa551379dd96ee311f9b1a973cabfcdde", size = 2802121, upload-time = "2026-09-10T20:01:25.449Z" },
    { url = "https://files.pythonhosted.org/packages/7b/0f/705db2b7aab2c87e0f06a1fe9fcbb4828df6c9c944bfddc9f9f8422f05d7/clang_format-23.1.1-py2.py3-none-musllinux_1_2_armv7l.whl", hash = "sha256:a401297fe45f04ae0152f6b5f4c372ad602830be524c2e69469d700abdee1637", size = 2579878, upload-time = "2026-09-10T20:01:28.294Z" },
    { url = "https://files.pythonhosted.org/packages/bf/e7/055d26ea53be9cb4ebecc98714deda9d16beed991c314e86b46955cac7e4/clang_format-23.1.1-py2.py3-none-musllinux_1_2_i686.whl", hash = "sha256:68521e74541e34f4a299b82f07735981bb3bce4b0d455ce7a60beb8d9ab4decc", size = 3057059, upload-time = "2026-09-10T20:01:30.36Z" },
    { url = "https://files.pythonhosted.org/packages/bd/79/f23bb5c9f17e6464e86ca3bc1dbcd11705fd620a69d0379465cb4f4f6b98/clang_format-23.1.1-py2.py3-none-musllinux_1_2_ppc64le.whl", hash = "sha256:b71734b64d7b7ec7d4e4e167a67b34d0462dd83de5aa74af5de3af3a9d7546de", size = 3247248, upload-time = "2026-09-10T20:01:32.187Z" },
    { url = "https://files.pythonhosted.org/packages/eb/64/4fb8cfeb3ec6f3ed30a4ac9a36d8c7cc245cf48964a92272227e578331e3/clang_format-23.1.1-py2.py3-none-musllinux_1_2_s390x.whl", hash = "sha256:6d896cd6c6b32dc31a16c9ba0714e1ea4c0359719552462d12aef80a8e45dcb3", size = 3285967, upload-time = "2026-09-10T20:01:33.986Z" },
    { url = "https://files.pythonhosted.org/packages/67/d0/6507318b8c3d3175066d02ba8322de2724b352c8df5153b4e512fba7de28/clang_format-23.1.1-py2.py3-none-musllinux_1_2_x86_64.whl", hash = "sha256:f351726f4706aea605225978484986386167edafa3f85a467bad4a44bfdfa97f", size = 2919375, upload-time = "2026-09-10T20:01:36.331Z" },
    { url = "https://files.pythonhosted.org/packages/fc/b4/7c5f597be1df0db958294e53b375ca606fbbc4a741725e938cf187739d15/clang_format-23.1.1-py2.py3-none-win32.whl", hash = "sha256:8109e5d13028987912f4477c43afcefa242a016a4212b8ed34dc10395177448b", size = 1363769, upload-time = "2026-09-10T20:01:38.563Z" },
    { url = "https://files.pythonhosted.org/packages/4e/98/bcf1d46d62b63f92e8ee513dc2c3caa5c3168206af3785ada76ce994c96b/clang_format-23.1.1-py2.py3-none-win_amd64.whl", hash = "sha256:eaf3075d7e2bf477c150c6d53bfff040eca851365c0429a06b9bec0de65186d5", size = 1537558, upload-time = "2026-09-10T20:01:40.921Z" },
    { url = "https://files.pythonhosted.org/packages/90/4c/3ae3671f91d181bfda6148c684c3514c878767c0fbbb3793d4d804103d3a/clang_format-23.1.1-py2.py3-none-win_arm64.whl", hash = "sha256:7f81856d845b6274b888d0d5f51a1f819f38f080a5b9637a38873f6e0e2cde3b", size = 1411230, upload-time = "2026-09-10T20:01:43.106Z" },
]

[[package]]
name = "clang-tidy"
version = "22.1.8"
source = { registry = "https://pypi.org/simple" }
sdist = { url = "https://files.pythonhosted.org/packages/b9/d0/f9dc63658854dc4508270daab0e10a34a61330d35c53cfe679b692e57560/clang_tidy-22.1.8.tar.gz", hash = "sha256:d81205d15cc82eea10e9e3b65e99732bb0bc77144535648a4a1f77d9cb4eda50", size = 11746, upload-time = "2026-07-14T10:30:19.551Z" }
wheels = [
    { url = "https://files.pythonhosted.org/packages/86/14/27f6ed1ffdf3fcc53d4482a5f1292b39751c7426ca70deca8bb7d04f5dae/clang_tidy-22.1.8-py2.py3-none-macosx_10_9_x86_64.whl", hash = "sha256:04b6c97bcdc032763d0d924531def281acd0b5a939bcc79994cbf3c6fe83e1ae", size = 31672907, upload-time = "2026-07-14T10:29:37.701Z" },
    { url = "https://files.pythonhosted.org/packages/01/23/949977d4304e30eeef80206b37a9305084926ea06b99708961fcbf27913f/clang_tidy-22.1.8-py2.py3-none-macosx_11_0_arm64.whl", hash = "sha256:916d7cbc9590e719459738fedc5ba76ac91f128d671390e574a0779014c84d73", size = 30823043, upload-time = "2026-07-14T10:29:41.887Z" },
    { url = "https://files.pythonhosted.org/packages/ac/b7/61ed8c319f2d9ddb9762a550a6fee434bdef7bdc46d5a4b50929f1c90ec0/clang_tidy-22.1.8-py2.py3-none-manylinux_2_26_aarch64.manylinux_2_28_aarch64.whl", hash = "sha256:1eaddaa7415e8c5e39aeefbfd15174f1ab2a671c86f7ebb200eb523cf9465559", size = 42155015, upload-time = "2026-07-14T10:29:45.608Z" },
    { url = "https://files.pythonhosted.org/packages/82/19/0f2668f8f5e2452b096a2b898f2b6bcecbceb6dd0c7f75d1755ce1f18d8b/clang_tidy-22.1.8-py2.py3-none-manylinux_2_27_x86_64.manylinux_2_28_x86_64.whl", hash = "sha256:1a3de07ba82d4403d8b692ae63a5520d4db5c606014c92c24bbcef9259057bf1", size = 44070377, upload-time = "2026-07-14T10:29:49.58Z" },
    { url = "https://files.pythonhosted.org/packages/6c/61/7c0c87952090de362d18703a8a2206ae30129c811c66f9d01f4094d59e87/clang_tidy-22.1.8-py2.py3-none-manylinux_2_28_i686.whl", hash = "sha256:879a53cc5ba9824197f97e83bd86686f9c159da18afd004e8f6d161c985f9b31", size = 49709888, upload-time = "2026-07-14T10:29:53.323Z" },
    { url = "https://files.pythonhosted.org/packages/87/78/cbe472f8a2f29df7c982f1a3782f515059f3e1488c668c946ac04df79dab/clang_tidy-22.1.8-py2.py3-none-manylinux_2_31_armv7l.whl", hash = "sha256:79d109db0bc74c4f20253ea997f73eac4fa6ec26171fa08c05fb82dd3ee94bc1", size = 40445704, upload-time = "2026-07-14T10:29:57.312Z" },
    { url = "https://files.pythonhosted.org/packages/e2/e0/be72d44c059a936af7d4b355d0c844e934d7f4c3c4eba578783d7fc486d2/clang_tidy-22.1.8-py2.py3-none-musllinux_1_2_armv7l.whl", hash = "sha256:788200119549b80e3b3cc4c1ecc422b6bec6e2559ea2116494fe6c72092ec4c2", size = 41319020, upload-time = "2026-07-14T10:30:01.303Z" },
    { url = "https://files.pythonhosted.org/packages/97/34/223288ebf27f33b3842ab750ab5915ef3244f7802d4f7633dacf7a195ab2/clang_tidy-22.1.8-py2.py3-none-musllinux_1_2_i686.whl", hash = "sha256:8ad32751aa4697575fb34faabe70ee497aa32d31d4dfffe25f2655797dff1c2c", size = 51914038, upload-time = "2026-07-14T10:30:05.637Z" },
    { url = "https://files.pythonhosted.org/packages/8d/d1/a8019bfe6dcb103a081ffc0a869cb2b463a826e5005030d0abf211278b53/clang_tidy-22.1.8-py2.py3-none-musllinux_1_2_x86_64.whl", hash = "sha256:19d11334f5f9af90a655e5ca46b1e472d44ec025a8d10fef95accb3ea19b8c60", size = 46732713, upload-time = "2026-07-14T10:30:10Z" },
    { url = "https://files.pythonhosted.org/packages/c1/ad/6bb2c2a0a7255ca624dca7ee172678b215c62ce79891a487f8ccc90bc48b/clang_tidy-22.1.8-py2.py3-none-win32.whl", hash = "sha256:182dc0b73688add32cd02595d510c0b010f77a645774dbb04e296d347c1a014f", size = 23553468, upload-time = "2026-07-14T10:30:13.42Z" },
    { url = "https://files.pythonhosted.org/packages/54/af/0580f6145d8a0c218844208a6c90ce539a4bdf65a66b672e6b4604a81c0a/clang_tidy-22.1.8-py2.py3-none-win_amd64.whl", hash = "sha256:df9bf841ecbf501d08b6fa34523be840f59b1a76d16b6ee5edb0e5c7c22b59c2", size = 26666952, upload-time = "2026-07-14T10:30:16.843Z" },
]

[[package]]
name = "ddp-esphome"
version = "0.8.1"
source = { virtual = "." }

[package.dev-dependencies]
dev = [
    { name = "clang-format" },
    { name = "clang-tidy" },
    { name = "ruff" },
]

[package.metadata]

[package.metadata.requires-dev]
dev = [
    { name = "clang-format", specifier = ">=22.1.8" },
    { name = "clang-tidy", specifier = ">=22.1.7" },
    { name = "ruff", specifier = ">=0.15.21" },
]

[[package]]
name = "ruff"
version = "0.16.7"
source = { registry = "https://pypi.org/simple" }
sdist = { url = "https://files.pythonhosted.org/packages/82/bb/5a449b9162e49b139d72f61672bd3ac1d790221f796d3304e2241fff4c58/ruff-0.16.7.tar.gz", hash = "sha256:5f71d004ac1263b22fa39462ac5ae618a4b77d58981af2cc79bf79a29c12b1a6", size = 4924184, upload-time = "2026-09-10T18:04:06.336Z" }
wheels = [
    { url = "https://files.pythonhosted.org/packages/e3/b2/c80aeeb7f9e469c0d63a85d2f1ab6e1ebfbe10ea7a8d2438b7e09e3ff09e/ruff-0.16.7-py3-none-linux_armv6l.whl", hash = "sha256:727307773e7c7f9181d3ed3a2484186e56c1fa1874255911c74585eb2c7c19f9", size = 10048917, upload-time = "2026-09-10T18:03:30.28Z" },
    { url = "https://files.pythonhosted.org/packages/7b/96/20bb7bcae008004df52afcb7ac83432d4a467f2c17b672fe46d26be231c5/ruff-0.16.7-py3-none-macosx_10_12_x86_64.whl", hash = "sha256:9d61c258deabf58f34c67bd4bb4d939c7f2e6b5f0e59c1cdd1cf771b11cde929", size = 10242929, upload-time = "2026-09-10T18:03:32.706Z" },
    { url = "https://files.pythonhosted.org/packages/90/b2/f184b0d5abec02db69cfd7e49b688ae0237554528ca777136c613bf36bee/ruff-0.16.7-py3-none-macosx_11_0_arm64.whl", hash = "sha256:7ab81118df8945e0193d0240712aa4496573595b75185c3636ed825592a0f728", size = 9847245, upload-time = "2026-09-10T18:03:34.509Z" },
    { url = "https://files.pythonhosted.org/packages/eb/2d/db1633a641866ed801e34cc6b60ef236c5e16f9b2124ab1d49cc24a5fe4f/ruff-0.16.7-py3-none-manylinux_2_17_aarch64.manylinux2014_aarch64.whl", hash = "sha256:4c196c968874fc8019da8e7163de7a1a370f111e2309b4b7dfea0fce950198d0", size = 9961780, upload-time = "2026-09-10T18:03:36.618Z" },
    { url = "https://files.pythonhosted.org/packages/4d/98/edea21e1a3e38dbbc3bf6bb068b863b3b06184cf8533a4c7dbbe208a89d5/ruff-0.16.7-py3-none-manylinux_2_17_armv7l.manylinux2014_armv7l.whl", hash = "sha256:ac8c3bd0a7e10ad31e6ce51e7a99f3cb772e69aecdd6b9ea7e99b362f62a62c0", size = 9866337, upload-time = "2026-09-10T18:03:38.805Z" },
    { url = "https://files.pythonhosted.org/packages/0b/11/a15e60d4c87b214646f116ca9d204475bf993ee1047459bc9a360fd4d6d1/ruff-0.16.7-py3-none-manylinux_2_17_i686.manylinux2014_i686.whl", hash = "sha256:398d3988edde000b5c75dc1b3f584708da9bc990de069c18909142580fec1af9", size = 10562512, upload-time = "2026-09-10T18:03:40.71Z" },
    { url = "https://files.pythonhosted.org/packages/29/42/eaff4c9b6d0c7cdf56df313a17e89ae854f5bbc0b0c8f9cce19be0ab7a8f/ruff-0.16.7-py3-none-manylinux_2_17_ppc64le.manylinux2014_ppc64le.whl", hash = "sha256:ce05b62b770a8217c4646a9c4139fca00efe8fe5d71f87df2b243ff20d4584d1", size = 11302938, upload-time = "2026-09-10T18:03:42.607Z" },
    { url = "https://files.pythonhosted.org/packages/5d/43/c75aa59a4ec181fe2ec06cab30e198c1c6d107229a9f008ae3a7c16cabd8/ruff-0.16.7-py3-none-manylinux_2_17_s390x.manylinux2014_s390x.whl", hash = "sha256:af1b576fddb9d9ef2ececfb5fadcd6a624b25070ed85e3cfcfe449fc3ff6a7b9", size = 10840857, upload-time = "2026-09-10T18:03:44.604Z" },
    { url = "https://files.pythonhosted.org/packages/21/33/81f3da371942ea031105ba679d8d6e28ec1660ccd690a45f42d381161356/ruff-0.16.7-py3-none-manylinux_2_17_x86_64.manylinux2014_x86_64.whl", hash = "sha256:9ce7f8f22df67c93ed96c717f9128eadb797144ac2bad475cf536f31d6100c55", size = 10370001, upload-time = "2026-09-10T18:03:46.706Z" },
    { url = "https://files.pythonhosted.org/packages/fa/0b/6345fb4dbf6dd0ed1cfe5d18391dc9c3f59cc81622a7b0a65b84b3e730ba/ruff-0.16.7-py3-none-manylinux_2_31_riscv64.whl", hash = "sha256:06d0e93d04f392996435ebd600c153f65b47d73fbec2415aa99c5ee5756b3a5f", size = 10548735, upload-time = "2026-09-10T18:03:48.658Z" },
    { url = "https://files.pythonhosted.org/packages/3f/4d/c5576adf511f92a328e5569dda190ecdd430da51f1a649f3a4a2fd73e21e/ruff-0.16.7-py3-none-musllinux_1_2_aarch64.whl", hash = "sha256:142151a5e7b93c1b11111337142f89dd2fbfee92161225c99a97222f22e32656", size = 10108496, upload-time = "2026-09-10T18:03:50.563Z" },
    { url = "https://files.pythonhosted.org/packages/ff/8c/667d83c16199a17a56adc6b0bd4c3beb5b767a2babcd16a56f76f9be7fd6/ruff-0.16.7-py3-none-musllinux_1_2_armv7l.whl", hash = "sha256:e6651f97a342d8b35d54d8991544ca22169b86dc54111cb604666940c431b750", size = 9860136, upload-time = "2026-09-10T18:03:52.621Z" },
    { url = "https://files.pythonhosted.org/packages/99/75/78d401106731999a1dd20cc5a6961e37e1eb9397a3b589f73f3a5ce146a3/ruff-0.16.7-py3-none-musllinux_1_2_i686.whl", hash = "sha256:ef140c6eb935fa9a84c9c607dfb2cb1b85843c192e79265b0c54f35f557ea8e5", size = 10286290, upload-time = "2026-09-10T18:03:55.207Z" },
    { url = "https://files.pythonhosted.org/packages/68/49/56f9c3a8b755df93a0ad318b2147bf4ef5dae9a7e5ec61c460109c67957f/ruff-0.16.7-py3-none-musllinux_1_2_x86_64.whl", hash = "sha256:53e39506a730fadeee0d998ed5946f30671f0db240c6c7c73bdabbe33604bb6f", size = 10745048, upload-time = "2026-09-10T18:03:57.299Z" },
    { url = "https://files.pythonhosted.org/packages/5f/ea/7f9b938a63ece4bec677ad7f9f7fa02df3383db1949ed93a382441c09a87/ruff-0.16.7-py3-none-win32.whl", hash = "sha256:2ea3470fcebcbc5df2fb0c6f3b90333fa9084c534e0111c038fa4a6ab9f1c4b7", size = 10059082, upload-time = "2026-09-10T18:03:59.632Z" },
    { url = "https://files.pythonhosted.org/packages/39/11/480a6973a927aa653e1cead6a6416008640e03a99d05b34c0434b8c6c366/ruff-0.16.7-py3-none-win_amd64.whl", hash = "sha256:7ac26aca826e9e21d0f1cb25b54ac660760a9fdd094d3e4df9848232be98cfc6", size = 10593368, upload-time = "2026-09-10T18:04:01.999Z" },
    { url = "https://files.pythonhosted.org/packages/8b/4b/51327018d056f0dad2c2238f26d1fb0f53707a9d91b75dea6d1b3039f136/ruff-0.16.7-py3-none-win_arm64.whl", hash = "sha256:aab7f39e2c9df6c596216070f98eef1207b94f8516cca20c808826974971855b", size = 10412401, upload-time = "2026-09-10T18:04:04.098Z" },
]
