version = 1
revision = 3
requires-python = ">=3.11"

[[package]]
name = "clang-format"
version = "22.1.3"
source = { registry = "https://pypi.org/simple" }
sdist = { url = "https://files.pythonhosted.org/packages/aa/2c/7a0060f64d83e2bb207e60ef7ab51089640bedee463f9cb60fe65aaaee54/clang_format-22.1.3.tar.gz", hash = "sha256:f3e6b7b6ae452895fa62abaaefff39972a4bdbd54838465a1e43a318abf39dcd", size = 11509, upload-time = "2026-04-07T18:43:34.181Z" }
wheels = [
    { url = "https://files.pythonhosted.org/packages/ab/0c/3130270492d7e511a6e3a1a45b2ab038059057bd8e48b4371d8e951fa02e/clang_format-22.1.3-py2.py3-none-macosx_10_9_x86_64.whl", hash = "sha256:a7227ff08636f70307c99fe597fab16fb915dd0e160712022220c308ae52d9a2", size = 1492618, upload-time = "2026-04-07T18:43:02.704Z" },
    { url = "https://files.pythonhosted.org/packages/fa/24/8c45cc9c5d55a1044f1771ecf63cbb88ec5df1c7a90d6867d12b578db203/clang_format-22.1.3-py2.py3-none-macosx_11_0_arm64.whl", hash = "sha256:817013a40b24493361db8cec236d63ce776bc64f6e9ff613ec329292f9e8c411", size = 1478877, upload-time = "2026-04-07T18:43:04.73Z" },
    { url = "https://files.pythonhosted.org/packages/89/70/fbcd04748965d1552d42207eca2bd4e4a7662673aea7f50478ca70e9c89e/clang_format-22.1.3-py2.py3-none-manylinux_2_26_aarch64.manylinux_2_28_aarch64.whl", hash = "sha256:a78cb0a9bb3ae94042f7763a0123fd79faab5e29b08ae32f1f3051c2dc3cb8c1", size = 1757490, upload-time = "2026-04-07T18:43:06.628Z" },
    { url = "https://files.pythonhosted.org/packages/d2/c4/0d74f4cd4ac2fe18afea21a90c262717c920826134c4b0ba4829057d3e77/clang_format-22.1.3-py2.py3-none-manylinux_2_26_i686.manylinux_2_28_i686.whl", hash = "sha256:103e05da2c79873d89fc5db75c757a9b88937be2b34a1e4b5e63c720b9ccb5ce", size = 1888412, upload-time = "2026-04-07T18:43:08.562Z" },
    { url = "https://files.pythonhosted.org/packages/80/26/bffc137a4a6b8ef2de31b597986b5b0dac9e511fbbbfdef6e6055199030f/clang_format-22.1.3-py2.py3-none-manylinux_2_26_ppc64le.manylinux_2_28_ppc64le.whl", hash = "sha256:786bed4f57419e49a6311dba528b8cf6d5fc0246643691e3892836ad710dec86", size = 2070430, upload-time = "2026-04-07T18:43:10.221Z" },
    { url = "https://files.pythonhosted.org/packages/44/cf/27a0b00662a40a9ef7c5f0ce6cb4b23a6f312f8c1910d9f22b8d12da55d3/clang_format-22.1.3-py2.py3-none-manylinux_2_26_s390x.manylinux_2_28_s390x.whl", hash = "sha256:f43bc9196609cc5f72fcf3178e927b535fe58739a231dd5eb2879ac11a7145e6", size = 2101300, upload-time = "2026-04-07T18:43:12.431Z" },
    { url = "https://files.pythonhosted.org/packages/10/51/4c42c4e4cba0d26ba896812690f938a161b85ecda4ff7adc7bd9fabfa4c4/clang_format-22.1.3-py2.py3-none-manylinux_2_27_x86_64.manylinux_2_28_x86_64.whl", hash = "sha256:c392ff9936446d81c625c8dc774c71be259f5b47fccf96dd307cefa8deb7a1ef", size = 1840898, upload-time = "2026-04-07T18:43:14.149Z" },
    { url = "https://files.pythonhosted.org/packages/d5/1f/50e6350cef11359ec736205867fd56a3763c21d44f7cc4dc1108e64c4f90/clang_format-22.1.3-py2.py3-none-manylinux_2_31_armv7l.whl", hash = "sha256:2e581a0cfbc0f4dd260b32e53d4a991d2dc57b8b700a65761fc351c079bd937a", size = 1684848, upload-time = "2026-04-07T18:43:16.136Z" },
    { url = "https://files.pythonhosted.org/packages/69/b8/6c0a96ac179bd9068cc228b94939cbf990583799baa6dd11c3893a1d0155/clang_format-22.1.3-py2.py3-none-musllinux_1_2_aarch64.whl", hash = "sha256:4bcb55c63ef3ecbc19c8dd8abe67b02d6ea410da70f5e0b1aca046e810ecad19", size = 2735170, upload-time = "2026-04-07T18:43:17.938Z" },
    { url = "https://files.pythonhosted.org/packages/d8/b1/14f2d898c2ff0ab2ccc60919ca67904a749e1a8fbfb944acecda63d60a9d/clang_format-22.1.3-py2.py3-none-musllinux_1_2_armv7l.whl", hash = "sha256:1681784734973099f6d8723f6fc881f15ef1fcf63a3107cf58d86917d41a808e", size = 2514691, upload-time = "2026-04-07T18:43:19.652Z" },
    { url = "https://files.pythonhosted.org/packages/22/ee/7bd75aa17aade79f1317727ad936df4e66094cad51f36118e9c586a6bd10/clang_format-22.1.3-py2.py3-none-musllinux_1_2_i686.whl", hash = "sha256:00a86d64cea85a7cdf3028d779e96753c2ad407ba2a65a790904d85951a8a2ed", size = 2985517, upload-time = "2026-04-07T18:43:21.359Z" },
    { url = "https://files.pythonhosted.org/packages/9a/5e/56d719dc9ec605858bad436bdd930165b45fd7e88556b9e89bba2baf028b/clang_format-22.1.3-py2.py3-none-musllinux_1_2_ppc64le.whl", hash = "sha256:8fa64db33c98ad31362c70e3b8c92156423d6669ab0902feda5046584d6761f3", size = 3119130, upload-time = "2026-04-07T18:43:23.481Z" },
    { url = "https://files.pythonhosted.org/packages/8a/d0/94e8e1e8df874c0e245ca808ac3f5885539ad98f5d9cfcec7dfe7a34d27f/clang_format-22.1.3-py2.py3-none-musllinux_1_2_s390x.whl", hash = "sha256:fb6e0a964ba3f9f7f4343e50813a6f2e04a08b12fc64865a4cfecd44c4ab8743", size = 3217199, upload-time = "2026-04-07T18:43:25.375Z" },
    { url = "https://files.pythonhosted.org/packages/78/f9/7e4d0459fd506a578604754592a0538ee4fef46772af0f35cc95aa4b5342/clang_format-22.1.3-py2.py3-none-musllinux_1_2_x86_64.whl", hash = "sha256:e9529956de1667fabab85a81d45ae3673976caadb62d4e73080135df3e00a8bb", size = 2848069, upload-time = "2026-04-07T18:43:27.629Z" },
    { url = "https://files.pythonhosted.org/packages/af/53/11106e28e84d1d969dc1d76c555d8cd76a5515c0177ceede3b621a671f82/clang_format-22.1.3-py2.py3-none-win32.whl", hash = "sha256:4af7b6ce6daf5753921cfa5da9543e49b341dab3c44ad397a391323adf2b57a1", size = 1299267, upload-time = "2026-04-07T18:43:29.377Z" },
    { url = "https://files.pythonhosted.org/packages/86/07/e5a31c0865e1e10d591c4e511e0db79873c0cf48bb62c3934543295b6f5a/clang_format-22.1.3-py2.py3-none-win_amd64.whl", hash = "sha256:426453233bea583775542da9b859de6e088bf32b4f393527fc5b05bbc7d33ae3", size = 1460303, upload-time = "2026-04-07T18:43:31.094Z" },
    { url = "https://files.pythonhosted.org/packages/af/c7/c856c78ffcc2663b43d3a437d6f8cdd4390e5f95c7950943222e3981c3f1/clang_format-22.1.3-py2.py3-none-win_arm64.whl", hash = "sha256:0537608618d95d2a0e36020effbfb0cdf1260a1f68bf6ae809c714aa0c02ca48", size = 1344970, upload-time = "2026-04-07T18:43:32.787Z" },
]

[[package]]
name = "clang-tidy"
version = "22.1.0.1"
source = { registry = "https://pypi.org/simple" }
sdist = { url = "https://files.pythonhosted.org/packages/49/10/40a7328ed7903ee52d2f23ba033fb1147b1ed2f5ccbdef893d44d639aac8/clang_tidy-22.1.0.1.tar.gz", hash = "sha256:acc00c84a8f4d17d6c07697551fae9ed549f41dd54433d842f830e1e0d15e64e", size = 11359, upload-time = "2026-03-30T09:22:22.681Z" }
wheels = [
    { url = "https://files.pythonhosted.org/packages/be/f2/3c3614a4004c4d12b5310648ba13e19342b38c32d919569f6523a136f422/clang_tidy-22.1.0.1-py2.py3-none-macosx_10_9_x86_64.whl", hash = "sha256:b84ce0e74c9d2ce486c48b2362f7a94135435deb77e88a3a162bc7dbd8a29c32", size = 30220748, upload-time = "2026-03-30T09:21:37.841Z" },
    { url = "https://files.pythonhosted.org/packages/c3/ff/a8f501f2a9dc65e698b914c65a90a4235fe08d4159ecf88036f39a3e6d66/clang_tidy-22.1.0.1-py2.py3-none-macosx_11_0_arm64.whl", hash = "sha256:6449aa689ecca34bf12159194fa82d0fe90a2766398065b00cf8743c4176bd20", size = 29312847, upload-time = "2026-03-30T09:21:41.454Z" },
    { url = "https://files.pythonhosted.org/packages/88/91/0d0d7fcc11c8d26207f4d9628032a6fc5f93c365c78a3f2224e291cfe5c6/clang_tidy-22.1.0.1-py2.py3-none-manylinux_2_26_aarch64.manylinux_2_28_aarch64.whl", hash = "sha256:f6c9fd547af8cd78961ccc42bdf4ebfa8e8ee1a7091ab1ea18f8756ac974082d", size = 40361601, upload-time = "2026-03-30T09:21:45.181Z" },
    { url = "https://files.pythonhosted.org/packages/5b/03/5019fb4b675d06058149b551133598d52b16d63799a2616bc4c11d15653f/clang_tidy-22.1.0.1-py2.py3-none-manylinux_2_27_x86_64.manylinux_2_28_x86_64.whl", hash = "sha256:147f65292ef4bc27642bc4fe7330c47ff2eb7687eedf29ce2600b202f8cd54b6", size = 42210672, upload-time = "2026-03-30T09:21:49.579Z" },
    { url = "https://files.pythonhosted.org/packages/87/18/1363b03517a6bd6dd931bba1206f2a0e7c9ac1c20877a9ac14e57e70da14/clang_tidy-22.1.0.1-py2.py3-none-manylinux_2_28_i686.whl", hash = "sha256:0ed693762a926668460bb757dfee1a3bb66645641041f5f5d0f65c3b8720f7c0", size = 47699477, upload-time = "2026-03-30T09:21:54.081Z" },
    { url = "https://files.pythonhosted.org/packages/3d/44/bff82b4e2163b7786db6af2074ed86bee9f840ff09c761d82a31afdb5ad6/clang_tidy-22.1.0.1-py2.py3-none-manylinux_2_31_armv7l.whl", hash = "sha256:d947a8f7419e56704b895343c385fc201a063e43c2f042f859ee1088987b78d9", size = 38806108, upload-time = "2026-03-30T09:21:58.465Z" },
    { url = "https://files.pythonhosted.org/packages/6b/56/6e912f4f960ead713338b777b1b680021f90ebdd04956354244569a059a9/clang_tidy-22.1.0.1-py2.py3-none-musllinux_1_2_armv7l.whl", hash = "sha256:f596bbb6295ac787f351825b36a7117762a1d82cc0bcdff25623580b7d90145b", size = 39643741, upload-time = "2026-03-30T09:22:02.799Z" },
    { url = "https://files.pythonhosted.org/packages/8e/b0/3e4c6f727b6c948d7a34afd8f974b27788aaeba22a1adc9b1bedb5129028/clang_tidy-22.1.0.1-py2.py3-none-musllinux_1_2_i686.whl", hash = "sha256:87966492e4b045961a35a65b1e8efe2e4e41bda3226860a00b3b15bd58d2b743", size = 49881724, upload-time = "2026-03-30T09:22:07.487Z" },
    { url = "https://files.pythonhosted.org/packages/99/42/d4dd4ea3d2ba9fe67aea759baea9af1ef8a0ad3879ed6dc82a073df14e3b/clang_tidy-22.1.0.1-py2.py3-none-musllinux_1_2_x86_64.whl", hash = "sha256:bac1ab448c68022d599fba92962425c87c10f2006da45f996ce8e5cc8c51401e", size = 44841619, upload-time = "2026-03-30T09:22:12.809Z" },
    { url = "https://files.pythonhosted.org/packages/e6/97/828cbb65ea46ee6a17c6869bcf91a1aa012eef1bfedbb554526868ab13c8/clang_tidy-22.1.0.1-py2.py3-none-win32.whl", hash = "sha256:9a7b3ff81098fdd9ee484f6bc861599c40b138670ebc57778afc7a8c6891d713", size = 22235387, upload-time = "2026-03-30T09:22:16.386Z" },
    { url = "https://files.pythonhosted.org/packages/f6/5b/b5e5a286ff06111158f769892c56bf811806bd4d4d5aba93960b9c835e31/clang_tidy-22.1.0.1-py2.py3-none-win_amd64.whl", hash = "sha256:e9f1e762afe3f5f3511ca7f50132d4d6d5c58a3f6760089ed45d2b3506cf7d07", size = 25140458, upload-time = "2026-03-30T09:22:20.31Z" },
]

[[package]]
name = "ddp-esphome"
version = "0.8.1"
source = { virtual = "." }

[package.dev-dependencies]
dev = [
    { name = "clang-format" },
    { name = "clang-tidy" },
    { name = "ruff" },
]

[package.metadata]

[package.metadata.requires-dev]
dev = [
    { name = "clang-format", specifier = ">=22.1.3" },
    { name = "clang-tidy", specifier = ">=22.1.0.1" },
    { name = "ruff", specifier = ">=0.15.10" },
]

[[package]]
name = "ruff"
version = "0.15.10"
source = { registry = "https://pypi.org/simple" }
sdist = { url = "https://files.pythonhosted.org/packages/e7/d9/aa3f7d59a10ef6b14fe3431706f854dbf03c5976be614a9796d36326810c/ruff-0.15.10.tar.gz", hash = "sha256:d1f86e67ebfdef88e00faefa1552b5e510e1d35f3be7d423dc7e84e63788c94e", size = 4631728, upload-time = "2026-04-09T14:06:09.884Z" }
wheels = [
    { url = "https://files.pythonhosted.org/packages/eb/00/a1c2fdc9939b2c03691edbda290afcd297f1f389196172826b03d6b6a595/ruff-0.15.10-py3-none-linux_armv6l.whl", hash = "sha256:0744e31482f8f7d0d10a11fcbf897af272fefdfcb10f5af907b18c2813ff4d5f", size = 10563362, upload-time = "2026-04-09T14:06:21.189Z" },
    { url = "https://files.pythonhosted.org/packages/5c/15/006990029aea0bebe9d33c73c3e28c80c391ebdba408d1b08496f00d422d/ruff-0.15.10-py3-none-macosx_10_12_x86_64.whl", hash = "sha256:b1e7c16ea0ff5a53b7c2df52d947e685973049be1cdfe2b59a9c43601897b22e", size = 10951122, upload-time = "2026-04-09T14:06:02.236Z" },
    { url = "https://files.pythonhosted.org/packages/f2/c0/4ac978fe874d0618c7da647862afe697b281c2806f13ce904ad652fa87e4/ruff-0.15.10-py3-none-macosx_11_0_arm64.whl", hash = "sha256:93cc06a19e5155b4441dd72808fdf84290d84ad8a39ca3b0f994363ade4cebb1", size = 10314005, upload-time = "2026-04-09T14:06:00.026Z" },
    { url = "https://files.pythonhosted.org/packages/da/73/c209138a5c98c0d321266372fc4e33ad43d506d7e5dd817dd89b60a8548f/ruff-0.15.10-py3-none-manylinux_2_17_aarch64.manylinux2014_aarch64.whl", hash = "sha256:83e1dd04312997c99ea6965df66a14fb4f03ba978564574ffc68b0d61fd3989e", size = 10643450, upload-time = "2026-04-09T14:05:42.137Z" },
    { url = "https://files.pythonhosted.org/packages/ec/76/0deec355d8ec10709653635b1f90856735302cb8e149acfdf6f82a5feb70/ruff-0.15.10-py3-none-manylinux_2_17_armv7l.manylinux2014_armv7l.whl", hash = "sha256:8154d43684e4333360fedd11aaa40b1b08a4e37d8ffa9d95fee6fa5b37b6fab1", size = 10379597, upload-time = "2026-04-09T14:05:49.984Z" },
    { url = "https://files.pythonhosted.org/packages/dc/be/86bba8fc8798c081e28a4b3bb6d143ccad3fd5f6f024f02002b8f08a9fa3/ruff-0.15.10-py3-none-manylinux_2_17_i686.manylinux2014_i686.whl", hash = "sha256:8ab88715f3a6deb6bde6c227f3a123410bec7b855c3ae331b4c006189e895cef", size = 11146645, upload-time = "2026-04-09T14:06:12.246Z" },
    { url = "https://files.pythonhosted.org/packages/a8/89/140025e65911b281c57be1d385ba1d932c2366ca88ae6663685aed8d4881/ruff-0.15.10-py3-none-manylinux_2_17_ppc64le.manylinux2014_ppc64le.whl", hash = "sha256:a768ff5969b4f44c349d48edf4ab4f91eddb27fd9d77799598e130fb628aa158", size = 12030289, upload-time = "2026-04-09T14:06:04.776Z" },
    { url = "https://files.pythonhosted.org/packages/88/de/ddacca9545a5e01332567db01d44bd8cf725f2db3b3d61a80550b48308ea/ruff-0.15.10-py3-none-manylinux_2_17_s390x.manylinux2014_s390x.whl", hash = "sha256:0ee3ef42dab7078bda5ff6a1bcba8539e9857deb447132ad5566a038674540d0", size = 11496266, upload-time = "2026-04-09T14:05:55.485Z" },
    { url = "https://files.pythonhosted.org/packages/bc/bb/7ddb00a83760ff4a83c4e2fc231fd63937cc7317c10c82f583302e0f6586/ruff-0.15.10-py3-none-manylinux_2_17_x86_64.manylinux2014_x86_64.whl", hash = "sha256:51cb8cc943e891ba99989dd92d61e29b1d231e14811db9be6440ecf25d5c1609", size = 11256418, upload-time = "2026-04-09T14:05:57.69Z" },
    { url = "https://files.pythonhosted.org/packages/dc/8d/55de0d35aacf6cd50b6ee91ee0f291672080021896543776f4170fc5c454/ruff-0.15.10-py3-none-manylinux_2_31_riscv64.whl", hash = "sha256:e59c9bdc056a320fb9ea1700a8d591718b8faf78af065484e801258d3a76bc3f", size = 11288416, upload-time = "2026-04-09T14:05:44.695Z" },
    { url = "https://files.pythonhosted.org/packages/68/cf/9438b1a27426ec46a80e0a718093c7f958ef72f43eb3111862949ead3cc1/ruff-0.15.10-py3-none-musllinux_1_2_aarch64.whl", hash = "sha256:136c00ca2f47b0018b073f28cb5c1506642a830ea941a60354b0e8bc8076b151", size = 10621053, upload-time = "2026-04-09T14:05:52.782Z" },
    { url = "https://files.pythonhosted.org/packages/4c/50/e29be6e2c135e9cd4cb15fbade49d6a2717e009dff3766dd080fcb82e251/ruff-0.15.10-py3-none-musllinux_1_2_armv7l.whl", hash = "sha256:8b80a2f3c9c8a950d6237f2ca12b206bccff626139be9fa005f14feb881a1ae8", size = 10378302, upload-time = "2026-04-09T14:06:14.361Z" },
    { url = "https://files.pythonhosted.org/packages/18/2f/e0b36a6f99c51bb89f3a30239bc7bf97e87a37ae80aa2d6542d6e5150364/ruff-0.15.10-py3-none-musllinux_1_2_i686.whl", hash = "sha256:e3e53c588164dc025b671c9df2462429d60357ea91af7e92e9d56c565a9f1b07", size = 10850074, upload-time = "2026-04-09T14:06:16.581Z" },
    { url = "https://files.pythonhosted.org/packages/11/08/874da392558ce087a0f9b709dc6ec0d60cbc694c1c772dab8d5f31efe8cb/ruff-0.15.10-py3-none-musllinux_1_2_x86_64.whl", hash = "sha256:b0c52744cf9f143a393e284125d2576140b68264a93c6716464e129a3e9adb48", size = 11358051, upload-time = "2026-04-09T14:06:18.948Z" },
    { url = "https://files.pythonhosted.org/packages/e4/46/602938f030adfa043e67112b73821024dc79f3ab4df5474c25fa4c1d2d14/ruff-0.15.10-py3-none-win32.whl", hash = "sha256:d4272e87e801e9a27a2e8df7b21011c909d9ddd82f4f3281d269b6ba19789ca5", size = 10588964, upload-time = "2026-04-09T14:06:07.14Z" },
    { url = "https://files.pythonhosted.org/packages/25/b6/261225b875d7a13b33a6d02508c39c28450b2041bb01d0f7f1a83d569512/ruff-0.15.10-py3-none-win_amd64.whl", hash = "sha256:28cb32d53203242d403d819fd6983152489b12e4a3ae44993543d6fe62ab42ed", size = 11745044, upload-time = "2026-04-09T14:05:39.473Z" },
    { url = "https://files.pythonhosted.org/packages/58/ed/dea90a65b7d9e69888890fb14c90d7f51bf0c1e82ad800aeb0160e4bacfd/ruff-0.15.10-py3-none-win_arm64.whl", hash = "sha256:601d1610a9e1f1c2165a4f561eeaa2e2ea1e97f3287c5aa258d3dab8b57c6188", size = 11035607, upload-time = "2026-04-09T14:05:47.593Z" },
]
